
Microsoft Visual Studio Solution File, Format Version 12.00
# Visual Studio 15
VisualStudioVersion = 15.0.27703.2026
MinimumVisualStudioVersion = 10.0.40219.1
Project("{FAE04EC0-301F-11D3-BF4B-00C04F79EFBC}") = "PRACTICAADO", "PRACTICAADO\PRACTICAADO.csproj", "{D3C73FF6-43D1-4973-915C-025471AEA3B5}"
EndProject
Project("{FAE04EC0-301F-11D3-BF4B-00C04F79EFBC}") = "ClasesSQL", "ClasesSQL\ClasesSQL.csproj", "{7BBE6808-2DA9-413E-A004-5E417C46990C}"
EndProject
Global
	GlobalSection(SolutionConfigurationPlatforms) = preSolution
		Debug|Any CPU = Debug|Any CPU
		Release|Any CPU = Release|Any CPU
	EndGlobalSection
	GlobalSection(ProjectConfigurationPlatforms) = postSolution
		{D3C73FF6-43D1-4973-915C-025471AEA3B5}.Debug|Any CPU.ActiveCfg = Debug|Any CPU
		{D3C73FF6-43D1-4973-915C-025471AEA3B5}.Debug|Any CPU.Build.0 = Debug|Any CPU
		{D3C73FF6-43D1-4973-915C-025471AEA3B5}.Release|Any CPU.ActiveCfg = Release|Any CPU
		{D3C73FF6-43D1-4973-915C-025471AEA3B5}.Release|Any CPU.Build.0 = Release|Any CPU
		{7BBE6808-2DA9-413E-A004-5E417C46990C}.Debug|Any CPU.ActiveCfg = Debug|Any CPU
		{7BBE6808-2DA9-413E-A004-5E417C46990C}.Debug|Any CPU.Build.0 = Debug|Any CPU
		{7BBE6808-2DA9-413E-A004-5E417C46990C}.Release|Any CPU.ActiveCfg = Release|Any CPU
		{7BBE6808-2DA9-413E-A004-5E417C46990C}.Release|Any CPU.Build.0 = Release|Any CPU
	EndGlobalSection
	GlobalSection(SolutionProperties) = preSolution
		HideSolutionNode = FALSE
	EndGlobalSection
	GlobalSection(ExtensibilityGlobals) = postSolution
		SolutionGuid = {2F984E0D-CA8D-4BE5-B951-5F9AFD3D1AD3}
	EndGlobalSection
EndGlobal
