
Microsoft Visual Studio Solution File, Format Version 12.00
# Visual Studio 15
VisualStudioVersion = 15.0.27703.2026
MinimumVisualStudioVersion = 10.0.40219.1
Project("{FAE04EC0-301F-11D3-BF4B-00C04F79EFBC}") = "PrimerMVC", "PrimerMVC\PrimerMVC.csproj", "{A80344FF-FA32-4E76-972F-8F579177457E}"
EndProject
Global
	GlobalSection(SolutionConfigurationPlatforms) = preSolution
		Debug|Any CPU = Debug|Any CPU
		Release|Any CPU = Release|Any CPU
	EndGlobalSection
	GlobalSection(ProjectConfigurationPlatforms) = postSolution
		{A80344FF-FA32-4E76-972F-8F579177457E}.Debug|Any CPU.ActiveCfg = Debug|Any CPU
		{A80344FF-FA32-4E76-972F-8F579177457E}.Debug|Any CPU.Build.0 = Debug|Any CPU
		{A80344FF-FA32-4E76-972F-8F579177457E}.Release|Any CPU.ActiveCfg = Release|Any CPU
		{A80344FF-FA32-4E76-972F-8F579177457E}.Release|Any CPU.Build.0 = Release|Any CPU
	EndGlobalSection
	GlobalSection(SolutionProperties) = preSolution
		HideSolutionNode = FALSE
	EndGlobalSection
	GlobalSection(ExtensibilityGlobals) = postSolution
		SolutionGuid = {39ABE4A8-4492-4192-AFF1-F617A42EEDF5}
	EndGlobalSection
EndGlobal
