
Microsoft Visual Studio Solution File, Format Version 12.00
# Visual Studio 15
VisualStudioVersion = 15.0.27703.2026
MinimumVisualStudioVersion = 10.0.40219.1
Project("{FAE04EC0-301F-11D3-BF4B-00C04F79EFBC}") = "ProyectoCompleto", "ProyectoCompletoo\ProyectoCompleto.csproj", "{F138E84C-D168-44C0-AAE4-1ADD09096487}"
EndProject
Global
	GlobalSection(SolutionConfigurationPlatforms) = preSolution
		Debug|Any CPU = Debug|Any CPU
		Release|Any CPU = Release|Any CPU
	EndGlobalSection
	GlobalSection(ProjectConfigurationPlatforms) = postSolution
		{F138E84C-D168-44C0-AAE4-1ADD09096487}.Debug|Any CPU.ActiveCfg = Debug|Any CPU
		{F138E84C-D168-44C0-AAE4-1ADD09096487}.Debug|Any CPU.Build.0 = Debug|Any CPU
		{F138E84C-D168-44C0-AAE4-1ADD09096487}.Release|Any CPU.ActiveCfg = Release|Any CPU
		{F138E84C-D168-44C0-AAE4-1ADD09096487}.Release|Any CPU.Build.0 = Release|Any CPU
	EndGlobalSection
	GlobalSection(SolutionProperties) = preSolution
		HideSolutionNode = FALSE
	EndGlobalSection
	GlobalSection(ExtensibilityGlobals) = postSolution
		SolutionGuid = {AB5FA0A8-331A-4421-A930-A15DEBB74335}
	EndGlobalSection
EndGlobal
